// !$*UTF8*$!
{
	archiveVersion = 1;
	classes = {
	};
	objectVersion = 46;
	objects = {

/* Begin PBXBuildFile section */
		6122427E1A656E0300FF27FD /* Main.cpp in Sources */ = {isa = PBXBuildFile; fileRef = 6122427D1A656E0300FF27FD /* Main.cpp */; };
		612242871A656F9A00FF27FD /* OpenGL.framework in Frameworks */ = {isa = PBXBuildFile; fileRef = 612242861A656F9A00FF27FD /* OpenGL.framework */; };
		61225F331A6766E400C711D2 /* SimpleFPS.1 in CopyFiles */ = {isa = PBXBuildFile; fileRef = 61225F321A67663200C711D2 /* SimpleFPS.1 */; };
		616217771A65A0F50039B392 /* GameManager.cpp in Sources */ = {isa = PBXBuildFile; fileRef = 616217751A65A0F50039B392 /* GameManager.cpp */; };
		616217791A65B5550039B392 /* libglfw.3.0.dylib in Frameworks */ = {isa = PBXBuildFile; fileRef = 616217781A65B5550039B392 /* libglfw.3.0.dylib */; };
		6162177C1A65BE690039B392 /* RenderSystem.cpp in Sources */ = {isa = PBXBuildFile; fileRef = 6162177A1A65BE690039B392 /* RenderSystem.cpp */; };
		6162177F1A65CEC00039B392 /* VertexBuffer.cpp in Sources */ = {isa = PBXBuildFile; fileRef = 6162177D1A65CEC00039B392 /* VertexBuffer.cpp */; };
		616217821A65D1CF0039B392 /* ShaderLoader.cpp in Sources */ = {isa = PBXBuildFile; fileRef = 616217801A65D1CF0039B392 /* ShaderLoader.cpp */; };
		616217881A65DE850039B392 /* ShaderInterface.cpp in Sources */ = {isa = PBXBuildFile; fileRef = 616217861A65DE850039B392 /* ShaderInterface.cpp */; };
		61F06EF91A66E13F00609B34 /* ColorShader.vsh in CopyFiles */ = {isa = PBXBuildFile; fileRef = 616217831A65D7A70039B392 /* ColorShader.vsh */; };
		61F06EFA1A66E14600609B34 /* ColorShader.fsh in CopyFiles */ = {isa = PBXBuildFile; fileRef = 616217851A65D7E60039B392 /* ColorShader.fsh */; };
		61F06F211A6734BB00609B34 /* PlayerInputSystem.cpp in Sources */ = {isa = PBXBuildFile; fileRef = 61F06F1F1A6734BB00609B34 /* PlayerInputSystem.cpp */; };
		61F06F241A67355300609B34 /* Scene.cpp in Sources */ = {isa = PBXBuildFile; fileRef = 61F06F221A67355300609B34 /* Scene.cpp */; };
		61F06F271A6735C100609B34 /* CameraSystem.cpp in Sources */ = {isa = PBXBuildFile; fileRef = 61F06F251A6735C100609B34 /* CameraSystem.cpp */; };
		61F06F2A1A6736D300609B34 /* ResourceManager.cpp in Sources */ = {isa = PBXBuildFile; fileRef = 61F06F281A6736D300609B34 /* ResourceManager.cpp */; };
		61F06F2D1A67370500609B34 /* Entity.cpp in Sources */ = {isa = PBXBuildFile; fileRef = 61F06F2B1A67370500609B34 /* Entity.cpp */; };
		61F06F301A6737A100609B34 /* MovementSystem.cpp in Sources */ = {isa = PBXBuildFile; fileRef = 61F06F2E1A6737A100609B34 /* MovementSystem.cpp */; };
		61F06F331A67381000609B34 /* Matrix3.cpp in Sources */ = {isa = PBXBuildFile; fileRef = 61F06F311A67381000609B34 /* Matrix3.cpp */; };
		61F06F371A6738C500609B34 /* Vector3.cpp in Sources */ = {isa = PBXBuildFile; fileRef = 61F06F351A6738C500609B34 /* Vector3.cpp */; };
		61F06F3B1A67392300609B34 /* Vector4.cpp in Sources */ = {isa = PBXBuildFile; fileRef = 61F06F391A67392300609B34 /* Vector4.cpp */; };
		61F06F421A673A2400609B34 /* ShaderData.cpp in Sources */ = {isa = PBXBuildFile; fileRef = 61F06F401A673A2400609B34 /* ShaderData.cpp */; };
		61F06F4E1A673C2700609B34 /* Vector2.cpp in Sources */ = {isa = PBXBuildFile; fileRef = 61F06F4C1A673C2700609B34 /* Vector2.cpp */; };
		61F06F4F1A673E2200609B34 /* SimpleLightShader.vsh in CopyFiles */ = {isa = PBXBuildFile; fileRef = 61F06F471A673ACB00609B34 /* SimpleLightShader.vsh */; };
		61F06F501A673E2200609B34 /* SimpleLightShader.fsh in CopyFiles */ = {isa = PBXBuildFile; fileRef = 61F06F481A673AF800609B34 /* SimpleLightShader.fsh */; };
/* End PBXBuildFile section */

/* Begin PBXCopyFilesBuildPhase section */
		612242781A656E0300FF27FD /* CopyFiles */ = {
			isa = PBXCopyFilesBuildPhase;
			buildActionMask = 12;
			dstPath = "";
			dstSubfolderSpec = 16;
			files = (
				61225F331A6766E400C711D2 /* SimpleFPS.1 in CopyFiles */,
				61F06F4F1A673E2200609B34 /* SimpleLightShader.vsh in CopyFiles */,
				61F06F501A673E2200609B34 /* SimpleLightShader.fsh in CopyFiles */,
				61F06EFA1A66E14600609B34 /* ColorShader.fsh in CopyFiles */,
				61F06EF91A66E13F00609B34 /* ColorShader.vsh in CopyFiles */,
			);
			runOnlyForDeploymentPostprocessing = 0;
		};
/* End PBXCopyFilesBuildPhase section */

/* Begin PBXFileReference section */
		6122427A1A656E0300FF27FD /* OpenGLCube */ = {isa = PBXFileReference; explicitFileType = "compiled.mach-o.executable"; includeInIndex = 0; path = OpenGLCube; sourceTree = BUILT_PRODUCTS_DIR; };
		6122427D1A656E0300FF27FD /* Main.cpp */ = {isa = PBXFileReference; lastKnownFileType = sourcecode.cpp.cpp; path = Main.cpp; sourceTree = "<group>"; };
		612242861A656F9A00FF27FD /* OpenGL.framework */ = {isa = PBXFileReference; lastKnownFileType = wrapper.framework; name = OpenGL.framework; path = System/Library/Frameworks/OpenGL.framework; sourceTree = SDKROOT; };
		61225F321A67663200C711D2 /* SimpleFPS.1 */ = {isa = PBXFileReference; fileEncoding = 4; lastKnownFileType = text.man; path = SimpleFPS.1; sourceTree = "<group>"; };
		616217751A65A0F50039B392 /* GameManager.cpp */ = {isa = PBXFileReference; fileEncoding = 4; lastKnownFileType = sourcecode.cpp.cpp; path = GameManager.cpp; sourceTree = "<group>"; };
		616217761A65A0F50039B392 /* GameManager.h */ = {isa = PBXFileReference; fileEncoding = 4; lastKnownFileType = sourcecode.c.h; path = GameManager.h; sourceTree = "<group>"; };
		616217781A65B5550039B392 /* libglfw.3.0.dylib */ = {isa = PBXFileReference; lastKnownFileType = "compiled.mach-o.dylib"; name = libglfw.3.0.dylib; path = ../../../../usr/local/lib/libglfw.3.0.dylib; sourceTree = "<group>"; };
		6162177A1A65BE690039B392 /* RenderSystem.cpp */ = {isa = PBXFileReference; fileEncoding = 4; lastKnownFileType = sourcecode.cpp.cpp; path = RenderSystem.cpp; sourceTree = "<group>"; };
		6162177B1A65BE690039B392 /* RenderSystem.h */ = {isa = PBXFileReference; fileEncoding = 4; lastKnownFileType = sourcecode.c.h; path = RenderSystem.h; sourceTree = "<group>"; };
		6162177D1A65CEC00039B392 /* VertexBuffer.cpp */ = {isa = PBXFileReference; fileEncoding = 4; lastKnownFileType = sourcecode.cpp.cpp; name = VertexBuffer.cpp; path = OpenGLCube/VertexBuffer.cpp; sourceTree = "<group>"; };
		6162177E1A65CEC00039B392 /* VertexBuffer.h */ = {isa = PBXFileReference; fileEncoding = 4; lastKnownFileType = sourcecode.c.h; name = VertexBuffer.h; path = OpenGLCube/VertexBuffer.h; sourceTree = "<group>"; };
		616217801A65D1CF0039B392 /* ShaderLoader.cpp */ = {isa = PBXFileReference; fileEncoding = 4; lastKnownFileType = sourcecode.cpp.cpp; name = ShaderLoader.cpp; path = OpenGLCube/ShaderLoader.cpp; sourceTree = "<group>"; };
		616217811A65D1CF0039B392 /* ShaderLoader.h */ = {isa = PBXFileReference; fileEncoding = 4; lastKnownFileType = sourcecode.c.h; name = ShaderLoader.h; path = OpenGLCube/ShaderLoader.h; sourceTree = "<group>"; };
		616217831A65D7A70039B392 /* ColorShader.vsh */ = {isa = PBXFileReference; fileEncoding = 4; lastKnownFileType = sourcecode.glsl; name = ColorShader.vsh; path = OpenGLCube/ColorShader.vsh; sourceTree = "<group>"; };
		616217851A65D7E60039B392 /* ColorShader.fsh */ = {isa = PBXFileReference; fileEncoding = 4; lastKnownFileType = sourcecode.glsl; name = ColorShader.fsh; path = OpenGLCube/ColorShader.fsh; sourceTree = "<group>"; };
		616217861A65DE850039B392 /* ShaderInterface.cpp */ = {isa = PBXFileReference; fileEncoding = 4; lastKnownFileType = sourcecode.cpp.cpp; name = ShaderInterface.cpp; path = OpenGLCube/ShaderInterface.cpp; sourceTree = "<group>"; };
		616217871A65DE850039B392 /* ShaderInterface.h */ = {isa = PBXFileReference; fileEncoding = 4; lastKnownFileType = sourcecode.c.h; name = ShaderInterface.h; path = OpenGLCube/ShaderInterface.h; sourceTree = "<group>"; };
		61F06F1F1A6734BB00609B34 /* PlayerInputSystem.cpp */ = {isa = PBXFileReference; fileEncoding = 4; lastKnownFileType = sourcecode.cpp.cpp; path = PlayerInputSystem.cpp; sourceTree = "<group>"; };
		61F06F201A6734BB00609B34 /* PlayerInputSystem.h */ = {isa = PBXFileReference; fileEncoding = 4; lastKnownFileType = sourcecode.c.h; path = PlayerInputSystem.h; sourceTree = "<group>"; };
		61F06F221A67355300609B34 /* Scene.cpp */ = {isa = PBXFileReference; fileEncoding = 4; lastKnownFileType = sourcecode.cpp.cpp; path = Scene.cpp; sourceTree = "<group>"; };
		61F06F231A67355300609B34 /* Scene.h */ = {isa = PBXFileReference; fileEncoding = 4; lastKnownFileType = sourcecode.c.h; path = Scene.h; sourceTree = "<group>"; };
		61F06F251A6735C100609B34 /* CameraSystem.cpp */ = {isa = PBXFileReference; fileEncoding = 4; lastKnownFileType = sourcecode.cpp.cpp; path = CameraSystem.cpp; sourceTree = "<group>"; };
		61F06F261A6735C100609B34 /* CameraSystem.h */ = {isa = PBXFileReference; fileEncoding = 4; lastKnownFileType = sourcecode.c.h; path = CameraSystem.h; sourceTree = "<group>"; };
		61F06F281A6736D300609B34 /* ResourceManager.cpp */ = {isa = PBXFileReference; fileEncoding = 4; lastKnownFileType = sourcecode.cpp.cpp; path = ResourceManager.cpp; sourceTree = "<group>"; };
		61F06F291A6736D300609B34 /* ResourceManager.h */ = {isa = PBXFileReference; fileEncoding = 4; lastKnownFileType = sourcecode.c.h; path = ResourceManager.h; sourceTree = "<group>"; };
		61F06F2B1A67370500609B34 /* Entity.cpp */ = {isa = PBXFileReference; fileEncoding = 4; lastKnownFileType = sourcecode.cpp.cpp; path = Entity.cpp; sourceTree = "<group>"; };
		61F06F2C1A67370500609B34 /* Entity.h */ = {isa = PBXFileReference; fileEncoding = 4; lastKnownFileType = sourcecode.c.h; path = Entity.h; sourceTree = "<group>"; };
		61F06F2E1A6737A100609B34 /* MovementSystem.cpp */ = {isa = PBXFileReference; fileEncoding = 4; lastKnownFileType = sourcecode.cpp.cpp; path = MovementSystem.cpp; sourceTree = "<group>"; };
		61F06F2F1A6737A100609B34 /* MovementSystem.h */ = {isa = PBXFileReference; fileEncoding = 4; lastKnownFileType = sourcecode.c.h; path = MovementSystem.h; sourceTree = "<group>"; };
		61F06F311A67381000609B34 /* Matrix3.cpp */ = {isa = PBXFileReference; fileEncoding = 4; lastKnownFileType = sourcecode.cpp.cpp; path = Matrix3.cpp; sourceTree = "<group>"; };
		61F06F321A67381000609B34 /* Matrix3.h */ = {isa = PBXFileReference; fileEncoding = 4; lastKnownFileType = sourcecode.c.h; path = Matrix3.h; sourceTree = "<group>"; };
		61F06F351A6738C500609B34 /* Vector3.cpp */ = {isa = PBXFileReference; fileEncoding = 4; lastKnownFileType = sourcecode.cpp.cpp; name = Vector3.cpp; path = OpenGLCube/Vector3.cpp; sourceTree = "<group>"; };
		61F06F361A6738C500609B34 /* Vector3.h */ = {isa = PBXFileReference; fileEncoding = 4; lastKnownFileType = sourcecode.c.h; name = Vector3.h; path = OpenGLCube/Vector3.h; sourceTree = "<group>"; };
		61F06F391A67392300609B34 /* Vector4.cpp */ = {isa = PBXFileReference; fileEncoding = 4; lastKnownFileType = sourcecode.cpp.cpp; name = Vector4.cpp; path = OpenGLCube/Vector4.cpp; sourceTree = "<group>"; };
		61F06F3A1A67392300609B34 /* Vector4.h */ = {isa = PBXFileReference; fileEncoding = 4; lastKnownFileType = sourcecode.c.h; name = Vector4.h; path = OpenGLCube/Vector4.h; sourceTree = "<group>"; };
		61F06F3E1A6739C300609B34 /* VertexData.h */ = {isa = PBXFileReference; fileEncoding = 4; lastKnownFileType = sourcecode.c.h; name = VertexData.h; path = OpenGLCube/VertexData.h; sourceTree = "<group>"; };
		61F06F401A673A2400609B34 /* ShaderData.cpp */ = {isa = PBXFileReference; fileEncoding = 4; lastKnownFileType = sourcecode.cpp.cpp; name = ShaderData.cpp; path = OpenGLCube/ShaderData.cpp; sourceTree = "<group>"; };
		61F06F411A673A2400609B34 /* ShaderData.h */ = {isa = PBXFileReference; fileEncoding = 4; lastKnownFileType = sourcecode.c.h; name = ShaderData.h; path = OpenGLCube/ShaderData.h; sourceTree = "<group>"; };
		61F06F471A673ACB00609B34 /* SimpleLightShader.vsh */ = {isa = PBXFileReference; fileEncoding = 4; lastKnownFileType = sourcecode.glsl; name = SimpleLightShader.vsh; path = OpenGLCube/SimpleLightShader.vsh; sourceTree = "<group>"; };
		61F06F481A673AF800609B34 /* SimpleLightShader.fsh */ = {isa = PBXFileReference; fileEncoding = 4; lastKnownFileType = sourcecode.glsl; name = SimpleLightShader.fsh; path = OpenGLCube/SimpleLightShader.fsh; sourceTree = "<group>"; };
		61F06F4A1A673BA300609B34 /* CubeVertices.h */ = {isa = PBXFileReference; lastKnownFileType = sourcecode.c.h; name = CubeVertices.h; path = OpenGLCube/CubeVertices.h; sourceTree = "<group>"; };
		61F06F4B1A673BC800609B34 /* TriangleVertices.h */ = {isa = PBXFileReference; lastKnownFileType = sourcecode.c.h; name = TriangleVertices.h; path = OpenGLCube/TriangleVertices.h; sourceTree = "<group>"; };
		61F06F4C1A673C2700609B34 /* Vector2.cpp */ = {isa = PBXFileReference; fileEncoding = 4; lastKnownFileType = sourcecode.cpp.cpp; path = Vector2.cpp; sourceTree = "<group>"; };
		61F06F4D1A673C2700609B34 /* Vector2.h */ = {isa = PBXFileReference; fileEncoding = 4; lastKnownFileType = sourcecode.c.h; path = Vector2.h; sourceTree = "<group>"; };
/* End PBXFileReference section */

/* Begin PBXFrameworksBuildPhase section */
		612242771A656E0300FF27FD /* Frameworks */ = {
			isa = PBXFrameworksBuildPhase;
			buildActionMask = 2147483647;
			files = (
				616217791A65B5550039B392 /* libglfw.3.0.dylib in Frameworks */,
				612242871A656F9A00FF27FD /* OpenGL.framework in Frameworks */,
			);
			runOnlyForDeploymentPostprocessing = 0;
		};
/* End PBXFrameworksBuildPhase section */

/* Begin PBXGroup section */
		612242711A656E0300FF27FD = {
			isa = PBXGroup;
			children = (
				61F06F491A673B5F00609B34 /* Resources */,
				61F06F431A673A8100609B34 /* SimpleLightShader */,
				61F06F3C1A67397B00609B34 /* DataModelMesh */,
				61F06F381A67391000609B34 /* Vector4 */,
				61F06F341A67389D00609B34 /* Vector3 */,
				6162176D1A659F3E0039B392 /* Frameworks */,
				61F06EFB1A66E33F00609B34 /* ColorShader */,
				6122427C1A656E0300FF27FD /* OpenGLCube */,
				6122427B1A656E0300FF27FD /* Products */,
			);
			sourceTree = "<group>";
		};
		6122427B1A656E0300FF27FD /* Products */ = {
			isa = PBXGroup;
			children = (
				6122427A1A656E0300FF27FD /* OpenGLCube */,
			);
			name = Products;
			sourceTree = "<group>";
		};
		6122427C1A656E0300FF27FD /* OpenGLCube */ = {
			isa = PBXGroup;
			children = (
				61225F321A67663200C711D2 /* SimpleFPS.1 */,
				6122427D1A656E0300FF27FD /* Main.cpp */,
				616217751A65A0F50039B392 /* GameManager.cpp */,
				616217761A65A0F50039B392 /* GameManager.h */,
				61F06F1F1A6734BB00609B34 /* PlayerInputSystem.cpp */,
				61F06F201A6734BB00609B34 /* PlayerInputSystem.h */,
				61F06F221A67355300609B34 /* Scene.cpp */,
				61F06F231A67355300609B34 /* Scene.h */,
				61F06F251A6735C100609B34 /* CameraSystem.cpp */,
				61F06F261A6735C100609B34 /* CameraSystem.h */,
				6162177A1A65BE690039B392 /* RenderSystem.cpp */,
				6162177B1A65BE690039B392 /* RenderSystem.h */,
				61F06F281A6736D300609B34 /* ResourceManager.cpp */,
				61F06F291A6736D300609B34 /* ResourceManager.h */,
				61F06F2B1A67370500609B34 /* Entity.cpp */,
				61F06F2C1A67370500609B34 /* Entity.h */,
				61F06F2E1A6737A100609B34 /* MovementSystem.cpp */,
				61F06F2F1A6737A100609B34 /* MovementSystem.h */,
				61F06F311A67381000609B34 /* Matrix3.cpp */,
				61F06F321A67381000609B34 /* Matrix3.h */,
				61F06F4C1A673C2700609B34 /* Vector2.cpp */,
				61F06F4D1A673C2700609B34 /* Vector2.h */,
			);
			path = OpenGLCube;
			sourceTree = "<group>";
		};
		6162176D1A659F3E0039B392 /* Frameworks */ = {
			isa = PBXGroup;
			children = (
				616217781A65B5550039B392 /* libglfw.3.0.dylib */,
				612242861A656F9A00FF27FD /* OpenGL.framework */,
			);
			name = Frameworks;
			sourceTree = "<group>";
		};
		61F06EFB1A66E33F00609B34 /* ColorShader */ = {
			isa = PBXGroup;
			children = (
				616217831A65D7A70039B392 /* ColorShader.vsh */,
				616217851A65D7E60039B392 /* ColorShader.fsh */,
			);
			name = ColorShader;
			sourceTree = "<group>";
		};
		61F06F341A67389D00609B34 /* Vector3 */ = {
			isa = PBXGroup;
			children = (
				61F06F351A6738C500609B34 /* Vector3.cpp */,
				61F06F361A6738C500609B34 /* Vector3.h */,
			);
			name = Vector3;
			sourceTree = "<group>";
		};
		61F06F381A67391000609B34 /* Vector4 */ = {
			isa = PBXGroup;
			children = (
				61F06F391A67392300609B34 /* Vector4.cpp */,
				61F06F3A1A67392300609B34 /* Vector4.h */,
			);
			name = Vector4;
			sourceTree = "<group>";
		};
		61F06F3C1A67397B00609B34 /* DataModelMesh */ = {
			isa = PBXGroup;
			children = (
				6162177D1A65CEC00039B392 /* VertexBuffer.cpp */,
				6162177E1A65CEC00039B392 /* VertexBuffer.h */,
				616217801A65D1CF0039B392 /* ShaderLoader.cpp */,
				616217811A65D1CF0039B392 /* ShaderLoader.h */,
				616217861A65DE850039B392 /* ShaderInterface.cpp */,
				616217871A65DE850039B392 /* ShaderInterface.h */,
				61F06F3E1A6739C300609B34 /* VertexData.h */,
				61F06F401A673A2400609B34 /* ShaderData.cpp */,
				61F06F411A673A2400609B34 /* ShaderData.h */,
			);
			name = DataModelMesh;
			sourceTree = "<group>";
		};
		61F06F431A673A8100609B34 /* SimpleLightShader */ = {
			isa = PBXGroup;
			children = (
				61F06F471A673ACB00609B34 /* SimpleLightShader.vsh */,
				61F06F481A673AF800609B34 /* SimpleLightShader.fsh */,
			);
			name = SimpleLightShader;
			sourceTree = "<group>";
		};
		61F06F491A673B5F00609B34 /* Resources */ = {
			isa = PBXGroup;
			children = (
				61F06F4A1A673BA300609B34 /* CubeVertices.h */,
				61F06F4B1A673BC800609B34 /* TriangleVertices.h */,
			);
			name = Resources;
			sourceTree = "<group>";
		};
/* End PBXGroup section */

/* Begin PBXNativeTarget section */
		612242791A656E0300FF27FD /* OpenGLCube */ = {
			isa = PBXNativeTarget;
			buildConfigurationList = 612242811A656E0300FF27FD /* Build configuration list for PBXNativeTarget "OpenGLCube" */;
			buildPhases = (
				612242761A656E0300FF27FD /* Sources */,
				612242771A656E0300FF27FD /* Frameworks */,
				612242781A656E0300FF27FD /* CopyFiles */,
			);
			buildRules = (
			);
			dependencies = (
			);
			name = OpenGLCube;
			productName = OpenGLCube;
			productReference = 6122427A1A656E0300FF27FD /* OpenGLCube */;
			productType = "com.apple.product-type.tool";
		};
/* End PBXNativeTarget section */

/* Begin PBXProject section */
		612242721A656E0300FF27FD /* Project object */ = {
			isa = PBXProject;
			attributes = {
				LastUpgradeCheck = 0610;
				ORGANIZATIONNAME = "Adam Worley";
				TargetAttributes = {
					612242791A656E0300FF27FD = {
						CreatedOnToolsVersion = 6.1.1;
					};
				};
			};
			buildConfigurationList = 612242751A656E0300FF27FD /* Build configuration list for PBXProject "OpenGLCube" */;
			compatibilityVersion = "Xcode 3.2";
			developmentRegion = English;
			hasScannedForEncodings = 0;
			knownRegions = (
				en,
			);
			mainGroup = 612242711A656E0300FF27FD;
			productRefGroup = 6122427B1A656E0300FF27FD /* Products */;
			projectDirPath = "";
			projectRoot = "";
			targets = (
				612242791A656E0300FF27FD /* OpenGLCube */,
			);
		};
/* End PBXProject section */

/* Begin PBXSourcesBuildPhase section */
		612242761A656E0300FF27FD /* Sources */ = {
			isa = PBXSourcesBuildPhase;
			buildActionMask = 2147483647;
			files = (
				61F06F421A673A2400609B34 /* ShaderData.cpp in Sources */,
				61F06F331A67381000609B34 /* Matrix3.cpp in Sources */,
				61F06F241A67355300609B34 /* Scene.cpp in Sources */,
				61F06F211A6734BB00609B34 /* PlayerInputSystem.cpp in Sources */,
				61F06F271A6735C100609B34 /* CameraSystem.cpp in Sources */,
				61F06F371A6738C500609B34 /* Vector3.cpp in Sources */,
				61F06F2D1A67370500609B34 /* Entity.cpp in Sources */,
				616217771A65A0F50039B392 /* GameManager.cpp in Sources */,
				6162177F1A65CEC00039B392 /* VertexBuffer.cpp in Sources */,
				61F06F2A1A6736D300609B34 /* ResourceManager.cpp in Sources */,
				61F06F301A6737A100609B34 /* MovementSystem.cpp in Sources */,
				61F06F3B1A67392300609B34 /* Vector4.cpp in Sources */,
				616217881A65DE850039B392 /* ShaderInterface.cpp in Sources */,
				6162177C1A65BE690039B392 /* RenderSystem.cpp in Sources */,
				616217821A65D1CF0039B392 /* ShaderLoader.cpp in Sources */,
				61F06F4E1A673C2700609B34 /* Vector2.cpp in Sources */,
				6122427E1A656E0300FF27FD /* Main.cpp in Sources */,
			);
			runOnlyForDeploymentPostprocessing = 0;
		};
/* End PBXSourcesBuildPhase section */

/* Begin XCBuildConfiguration section */
		6122427F1A656E0300FF27FD /* Debug */ = {
			isa = XCBuildConfiguration;
			buildSettings = {
				ALWAYS_SEARCH_USER_PATHS = NO;
				CLANG_CXX_LANGUAGE_STANDARD = "gnu++0x";
				CLANG_CXX_LIBRARY = "libc++";
				CLANG_ENABLE_MODULES = YES;
				CLANG_ENABLE_OBJC_ARC = YES;
				CLANG_WARN_BOOL_CONVERSION = YES;
				CLANG_WARN_CONSTANT_CONVERSION = YES;
				CLANG_WARN_DIRECT_OBJC_ISA_USAGE = YES;
				CLANG_WARN_EMPTY_BODY = YES;
				CLANG_WARN_ENUM_CONVERSION = YES;
				CLANG_WARN_INT_CONVERSION = YES;
				CLANG_WARN_OBJC_ROOT_CLASS = YES;
				CLANG_WARN_UNREACHABLE_CODE = YES;
				CLANG_WARN__DUPLICATE_METHOD_MATCH = YES;
				COPY_PHASE_STRIP = NO;
				ENABLE_STRICT_OBJC_MSGSEND = YES;
				GCC_C_LANGUAGE_STANDARD = gnu99;
				GCC_DYNAMIC_NO_PIC = NO;
				GCC_OPTIMIZATION_LEVEL = 0;
				GCC_PREPROCESSOR_DEFINITIONS = (
					"DEBUG=1",
					"$(inherited)",
				);
				GCC_SYMBOLS_PRIVATE_EXTERN = NO;
				GCC_WARN_64_TO_32_BIT_CONVERSION = YES;
				GCC_WARN_ABOUT_RETURN_TYPE = YES;
				GCC_WARN_UNDECLARED_SELECTOR = YES;
				GCC_WARN_UNINITIALIZED_AUTOS = YES;
				GCC_WARN_UNUSED_FUNCTION = YES;
				GCC_WARN_UNUSED_VARIABLE = YES;
				HEADER_SEARCH_PATHS = (
					"$(inherited)",
					/Applications/Xcode.app/Contents/Developer/Toolchains/XcodeDefault.xctoolchain/usr/include,
					/usr/local/lib,
					/usr/local/include,
				);
				LIBRARY_SEARCH_PATHS = /usr/local/lib;
				MACOSX_DEPLOYMENT_TARGET = 10.8;
				MTL_ENABLE_DEBUG_INFO = YES;
				ONLY_ACTIVE_ARCH = YES;
				SDKROOT = macosx;
			};
			name = Debug;
		};
		612242801A656E0300FF27FD /* Release */ = {
			isa = XCBuildConfiguration;
			buildSettings = {
				ALWAYS_SEARCH_USER_PATHS = NO;
				CLANG_CXX_LANGUAGE_STANDARD = "gnu++0x";
				CLANG_CXX_LIBRARY = "libc++";
				CLANG_ENABLE_MODULES = YES;
				CLANG_ENABLE_OBJC_ARC = YES;
				CLANG_WARN_BOOL_CONVERSION = YES;
				CLANG_WARN_CONSTANT_CONVERSION = YES;
				CLANG_WARN_DIRECT_OBJC_ISA_USAGE = YES;
				CLANG_WARN_EMPTY_BODY = YES;
				CLANG_WARN_ENUM_CONVERSION = YES;
				CLANG_WARN_INT_CONVERSION = YES;
				CLANG_WARN_OBJC_ROOT_CLASS = YES;
				CLANG_WARN_UNREACHABLE_CODE = YES;
				CLANG_WARN__DUPLICATE_METHOD_MATCH = YES;
				COPY_PHASE_STRIP = YES;
				DEBUG_INFORMATION_FORMAT = "dwarf-with-dsym";
				ENABLE_NS_ASSERTIONS = NO;
				ENABLE_STRICT_OBJC_MSGSEND = YES;
				GCC_C_LANGUAGE_STANDARD = gnu99;
				GCC_WARN_64_TO_32_BIT_CONVERSION = YES;
				GCC_WARN_ABOUT_RETURN_TYPE = YES;
				GCC_WARN_UNDECLARED_SELECTOR = YES;
				GCC_WARN_UNINITIALIZED_AUTOS = YES;
				GCC_WARN_UNUSED_FUNCTION = YES;
				GCC_WARN_UNUSED_VARIABLE = YES;
				HEADER_SEARCH_PATHS = (
					"$(inherited)",
					/Applications/Xcode.app/Contents/Developer/Toolchains/XcodeDefault.xctoolchain/usr/include,
					/usr/local/lib,
					/usr/local/include,
				);
				LIBRARY_SEARCH_PATHS = /usr/local/lib;
				MACOSX_DEPLOYMENT_TARGET = 10.8;
				MTL_ENABLE_DEBUG_INFO = NO;
				SDKROOT = macosx;
			};
			name = Release;
		};
		612242821A656E0300FF27FD /* Debug */ = {
			isa = XCBuildConfiguration;
			buildSettings = {
				ARCHS = "$(ARCHS_STANDARD)";
				HEADER_SEARCH_PATHS = (
					"$(inherited)",
					/Applications/Xcode.app/Contents/Developer/Toolchains/XcodeDefault.xctoolchain/usr/include,
					/usr/local/include,
				);
				LIBRARY_SEARCH_PATHS = (
					/usr/local/lib,
					/usr/local/include,
				);
				OTHER_CPLUSPLUSFLAGS = "$(OTHER_CFLAGS)";
				PRODUCT_NAME = "$(TARGET_NAME)";
				SDKROOT = macosx;
			};
			name = Debug;
		};
		612242831A656E0300FF27FD /* Release */ = {
			isa = XCBuildConfiguration;
			buildSettings = {
				ARCHS = "$(ARCHS_STANDARD)";
				HEADER_SEARCH_PATHS = (
					"$(inherited)",
					/Applications/Xcode.app/Contents/Developer/Toolchains/XcodeDefault.xctoolchain/usr/include,
					/usr/local/include,
				);
				LIBRARY_SEARCH_PATHS = (
					/usr/local/lib,
					/usr/local/include,
				);
				OTHER_CPLUSPLUSFLAGS = "$(OTHER_CFLAGS)";
				PRODUCT_NAME = "$(TARGET_NAME)";
				SDKROOT = macosx;
			};
			name = Release;
		};
/* End XCBuildConfiguration section */

/* Begin XCConfigurationList section */
		612242751A656E0300FF27FD /* Build configuration list for PBXProject "OpenGLCube" */ = {
			isa = XCConfigurationList;
			buildConfigurations = (
				6122427F1A656E0300FF27FD /* Debug */,
				612242801A656E0300FF27FD /* Release */,
			);
			defaultConfigurationIsVisible = 0;
			defaultConfigurationName = Release;
		};
		612242811A656E0300FF27FD /* Build configuration list for PBXNativeTarget "OpenGLCube" */ = {
			isa = XCConfigurationList;
			buildConfigurations = (
				612242821A656E0300FF27FD /* Debug */,
				612242831A656E0300FF27FD /* Release */,
			);
			defaultConfigurationIsVisible = 0;
			defaultConfigurationName = Release;
		};
/* End XCConfigurationList section */
	};
	rootObject = 612242721A656E0300FF27FD /* Project object */;
}
